
Microsoft Visual Studio Solution File, Format Version 12.00
# Visual Studio Version 17
VisualStudioVersion = 17.7.34031.279
MinimumVisualStudioVersion = 10.0.40219.1
Project("{FAE04EC0-301F-11D3-BF4B-00C04F79EFBC}") = "TodoApi", "TodoApi\TodoApi.csproj", "{BB0BD204-7DEB-4820-B93D-0D05470723F7}"
EndProject
Global
	GlobalSection(SolutionConfigurationPlatforms) = preSolution
		Debug|Any CPU = Debug|Any CPU
		Release|Any CPU = Release|Any CPU
	EndGlobalSection
	GlobalSection(ProjectConfigurationPlatforms) = postSolution
		{BB0BD204-7DEB-4820-B93D-0D05470723F7}.Debug|Any CPU.ActiveCfg = Debug|Any CPU
		{BB0BD204-7DEB-4820-B93D-0D05470723F7}.Debug|Any CPU.Build.0 = Debug|Any CPU
		{BB0BD204-7DEB-4820-B93D-0D05470723F7}.Release|Any CPU.ActiveCfg = Release|Any CPU
		{BB0BD204-7DEB-4820-B93D-0D05470723F7}.Release|Any CPU.Build.0 = Release|Any CPU
	EndGlobalSection
	GlobalSection(SolutionProperties) = preSolution
		HideSolutionNode = FALSE
	EndGlobalSection
	GlobalSection(ExtensibilityGlobals) = postSolution
		SolutionGuid = {08CEDB77-D815-4580-B674-6E47EE1EA544}
	EndGlobalSection
EndGlobal
